# This file is automatically @generated by Cargo.
# It is not intended for manual editing.
version = 3

[[package]]
name = "common"
version = "0.1.0"
dependencies = [
 "strum",
]

[[package]]
name = "day01"
version = "0.1.0"
dependencies = [
 "common",
]

[[package]]
name = "day02"
version = "0.1.0"
dependencies = [
 "common",
]

[[package]]
name = "strum"
version = "0.26.3"
source = "registry+https://github.com/rust-lang/crates.io-index"
checksum = "8fec0f0aef304996cf250b31b5a10dee7980c85da9d759361292b8bca5a18f06"
